{
  "nodes": {
    "denbeigh-neovim": {
      "inputs": {
        "flake-utils": [
          "flake-utils"
        ],
        "nixpkgs": [
          "nixpkgs"
        ]
      },
      "locked": {
        "lastModified": 1663465707,
        "narHash": "sha256-xnK5pBw53kvyiYD9QJ28VhcWjLDwoWljymN0o9OwO+U=",
        "owner": "denbeigh2000",
        "repo": "neovim-nix",
        "rev": "d4cf2a403bf5fbec3ca3e510bf1fb04d7070e0c4",
        "type": "github"
      },
      "original": {
        "owner": "denbeigh2000",
        "repo": "neovim-nix",
        "type": "github"
      }
    },
    "flake-utils": {
      "locked": {
        "lastModified": 1667395993,
        "narHash": "sha256-nuEHfE/LcWyuSWnS8t12N1wc105Qtau+/OdUAjtQ0rA=",
        "owner": "numtide",
        "repo": "flake-utils",
        "rev": "5aed5285a952e0b949eb3ba02c12fa4fcfef535f",
        "type": "github"
      },
      "original": {
        "owner": "numtide",
        "repo": "flake-utils",
        "type": "github"
      }
    },
    "naersk": {
      "inputs": {
        "nixpkgs": [
          "rnix-lsp",
          "nixpkgs"
        ]
      },
      "locked": {
        "lastModified": 1655042882,
        "narHash": "sha256-9BX8Fuez5YJlN7cdPO63InoyBy7dm3VlJkkmTt6fS1A=",
        "owner": "nix-community",
        "repo": "naersk",
        "rev": "cddffb5aa211f50c4b8750adbec0bbbdfb26bb9f",
        "type": "github"
      },
      "original": {
        "owner": "nix-community",
        "repo": "naersk",
        "type": "github"
      }
    },
    "nixpkgs": {
      "locked": {
        "lastModified": 1667991831,
        "narHash": "sha256-DHgEsLZI044B9T4AjA3K6+yB9/DqLr4dyA7OIx0FG7o=",
        "owner": "nixos",
        "repo": "nixpkgs",
        "rev": "872fceeed60ae6b7766cc0a4cd5bf5901b9098ec",
        "type": "github"
      },
      "original": {
        "owner": "nixos",
        "ref": "nixos-unstable",
        "repo": "nixpkgs",
        "type": "github"
      }
    },
    "rnix-lsp": {
      "inputs": {
        "naersk": "naersk",
        "nixpkgs": [
          "nixpkgs"
        ],
        "utils": "utils"
      },
      "locked": {
        "lastModified": 1666639010,
        "narHash": "sha256-SKe5jEBHjjinb5R/fnJElwammKfof6zICc30E/we43Q=",
        "owner": "nix-community",
        "repo": "rnix-lsp",
        "rev": "7339d80b7bf415ea42d790e073fbd69d21d09db4",
        "type": "github"
      },
      "original": {
        "owner": "nix-community",
        "repo": "rnix-lsp",
        "type": "github"
      }
    },
    "root": {
      "inputs": {
        "denbeigh-neovim": "denbeigh-neovim",
        "flake-utils": "flake-utils",
        "nixpkgs": "nixpkgs",
        "rnix-lsp": "rnix-lsp",
        "rust-overlay": "rust-overlay"
      }
    },
    "rust-overlay": {
      "inputs": {
        "flake-utils": [
          "flake-utils"
        ],
        "nixpkgs": [
          "nixpkgs"
        ]
      },
      "locked": {
        "lastModified": 1668220912,
        "narHash": "sha256-rtrFTQOhrf+xJC3RYdgGglbOHu5J32SjuLV2ekLl8jo=",
        "owner": "oxalica",
        "repo": "rust-overlay",
        "rev": "7bb04cd980cf71119d08b6833f4a0525e8b6a54a",
        "type": "github"
      },
      "original": {
        "owner": "oxalica",
        "repo": "rust-overlay",
        "type": "github"
      }
    },
    "utils": {
      "locked": {
        "lastModified": 1656928814,
        "narHash": "sha256-RIFfgBuKz6Hp89yRr7+NR5tzIAbn52h8vT6vXkYjZoM=",
        "owner": "numtide",
        "repo": "flake-utils",
        "rev": "7e2a3b3dfd9af950a856d66b0a7d01e3c18aa249",
        "type": "github"
      },
      "original": {
        "owner": "numtide",
        "repo": "flake-utils",
        "type": "github"
      }
    }
  },
  "root": "root",
  "version": 7
}
